
Microsoft Visual Studio Solution File, Format Version 12.00
# Visual Studio Version 17
VisualStudioVersion = 17.3.32929.385
MinimumVisualStudioVersion = 10.0.40219.1
Project("{FAE04EC0-301F-11D3-BF4B-00C04F79EFBC}") = "ProgPoeTickNotePart2", "ProgPoeTickNotePart2.csproj", "{4481F531-5F00-4D7F-B7E6-601A3BB1979A}"
EndProject
Global
	GlobalSection(SolutionConfigurationPlatforms) = preSolution
		Debug|Any CPU = Debug|Any CPU
		Release|Any CPU = Release|Any CPU
	EndGlobalSection
	GlobalSection(ProjectConfigurationPlatforms) = postSolution
		{4481F531-5F00-4D7F-B7E6-601A3BB1979A}.Debug|Any CPU.ActiveCfg = Debug|Any CPU
		{4481F531-5F00-4D7F-B7E6-601A3BB1979A}.Debug|Any CPU.Build.0 = Debug|Any CPU
		{4481F531-5F00-4D7F-B7E6-601A3BB1979A}.Release|Any CPU.ActiveCfg = Release|Any CPU
		{4481F531-5F00-4D7F-B7E6-601A3BB1979A}.Release|Any CPU.Build.0 = Release|Any CPU
	EndGlobalSection
	GlobalSection(SolutionProperties) = preSolution
		HideSolutionNode = FALSE
	EndGlobalSection
	GlobalSection(ExtensibilityGlobals) = postSolution
		SolutionGuid = {BC8BB8E1-222E-4003-A634-401ED5B344CC}
	EndGlobalSection
EndGlobal
